// !$*UTF8*$!
{
	archiveVersion = 1;
	classes = {
	};
	objectVersion = 50;
	objects = {

/* Begin PBXBuildFile section */
		06CEB07D233C2B2D00D83F78 /* AppDelegate.swift in Sources */ = {isa = PBXBuildFile; fileRef = 06CEB07C233C2B2D00D83F78 /* AppDelegate.swift */; };
		06CEB07F233C2B2D00D83F78 /* ViewController.swift in Sources */ = {isa = PBXBuildFile; fileRef = 06CEB07E233C2B2D00D83F78 /* ViewController.swift */; };
		06CEB082233C2B2D00D83F78 /* Main.storyboard in Resources */ = {isa = PBXBuildFile; fileRef = 06CEB080233C2B2D00D83F78 /* Main.storyboard */; };
		06CEB084233C2B2E00D83F78 /* Assets.xcassets in Resources */ = {isa = PBXBuildFile; fileRef = 06CEB083233C2B2E00D83F78 /* Assets.xcassets */; };
		06CEB087233C2B2E00D83F78 /* LaunchScreen.storyboard in Resources */ = {isa = PBXBuildFile; fileRef = 06CEB085233C2B2E00D83F78 /* LaunchScreen.storyboard */; };
		06CEB092233C2B2E00D83F78 /* iosAppTests.swift in Sources */ = {isa = PBXBuildFile; fileRef = 06CEB091233C2B2E00D83F78 /* iosAppTests.swift */; };
		06CEB09D233C2B2E00D83F78 /* iosAppUITests.swift in Sources */ = {isa = PBXBuildFile; fileRef = 06CEB09C233C2B2E00D83F78 /* iosAppUITests.swift */; };
		06CEB0AB233C2BDE00D83F78 /* api.framework in Frameworks */ = {isa = PBXBuildFile; fileRef = 06CEB0AA233C2BDE00D83F78 /* api.framework */; };
		06CEB0AC233C2BDE00D83F78 /* api.framework in Embed Frameworks */ = {isa = PBXBuildFile; fileRef = 06CEB0AA233C2BDE00D83F78 /* api.framework */; settings = {ATTRIBUTES = (CodeSignOnCopy, RemoveHeadersOnCopy, ); }; };
/* End PBXBuildFile section */

/* Begin PBXContainerItemProxy section */
		06CEB08E233C2B2E00D83F78 /* PBXContainerItemProxy */ = {
			isa = PBXContainerItemProxy;
			containerPortal = 06CEB071233C2B2D00D83F78 /* Project object */;
			proxyType = 1;
			remoteGlobalIDString = 06CEB078233C2B2D00D83F78;
			remoteInfo = iosApp;
		};
		06CEB099233C2B2E00D83F78 /* PBXContainerItemProxy */ = {
			isa = PBXContainerItemProxy;
			containerPortal = 06CEB071233C2B2D00D83F78 /* Project object */;
			proxyType = 1;
			remoteGlobalIDString = 06CEB078233C2B2D00D83F78;
			remoteInfo = iosApp;
		};
/* End PBXContainerItemProxy section */

/* Begin PBXCopyFilesBuildPhase section */
		06CEB0AD233C2BDE00D83F78 /* Embed Frameworks */ = {
			isa = PBXCopyFilesBuildPhase;
			buildActionMask = 2147483647;
			dstPath = "";
			dstSubfolderSpec = 10;
			files = (
				06CEB0AC233C2BDE00D83F78 /* api.framework in Embed Frameworks */,
			);
			name = "Embed Frameworks";
			runOnlyForDeploymentPostprocessing = 0;
		};
/* End PBXCopyFilesBuildPhase section */

/* Begin PBXFileReference section */
		06CEB079233C2B2D00D83F78 /* iosApp.app */ = {isa = PBXFileReference; explicitFileType = wrapper.application; includeInIndex = 0; path = iosApp.app; sourceTree = BUILT_PRODUCTS_DIR; };
		06CEB07C233C2B2D00D83F78 /* AppDelegate.swift */ = {isa = PBXFileReference; lastKnownFileType = sourcecode.swift; path = AppDelegate.swift; sourceTree = "<group>"; };
		06CEB07E233C2B2D00D83F78 /* ViewController.swift */ = {isa = PBXFileReference; lastKnownFileType = sourcecode.swift; path = ViewController.swift; sourceTree = "<group>"; };
		06CEB081233C2B2D00D83F78 /* Base */ = {isa = PBXFileReference; lastKnownFileType = file.storyboard; name = Base; path = Base.lproj/Main.storyboard; sourceTree = "<group>"; };
		06CEB083233C2B2E00D83F78 /* Assets.xcassets */ = {isa = PBXFileReference; lastKnownFileType = folder.assetcatalog; path = Assets.xcassets; sourceTree = "<group>"; };
		06CEB086233C2B2E00D83F78 /* Base */ = {isa = PBXFileReference; lastKnownFileType = file.storyboard; name = Base; path = Base.lproj/LaunchScreen.storyboard; sourceTree = "<group>"; };
		06CEB088233C2B2E00D83F78 /* Info.plist */ = {isa = PBXFileReference; lastKnownFileType = text.plist.xml; path = Info.plist; sourceTree = "<group>"; };
		06CEB08D233C2B2E00D83F78 /* iosAppTests.xctest */ = {isa = PBXFileReference; explicitFileType = wrapper.cfbundle; includeInIndex = 0; path = iosAppTests.xctest; sourceTree = BUILT_PRODUCTS_DIR; };
		06CEB091233C2B2E00D83F78 /* iosAppTests.swift */ = {isa = PBXFileReference; lastKnownFileType = sourcecode.swift; path = iosAppTests.swift; sourceTree = "<group>"; };
		06CEB093233C2B2E00D83F78 /* Info.plist */ = {isa = PBXFileReference; lastKnownFileType = text.plist.xml; path = Info.plist; sourceTree = "<group>"; };
		06CEB098233C2B2E00D83F78 /* iosAppUITests.xctest */ = {isa = PBXFileReference; explicitFileType = wrapper.cfbundle; includeInIndex = 0; path = iosAppUITests.xctest; sourceTree = BUILT_PRODUCTS_DIR; };
		06CEB09C233C2B2E00D83F78 /* iosAppUITests.swift */ = {isa = PBXFileReference; lastKnownFileType = sourcecode.swift; path = iosAppUITests.swift; sourceTree = "<group>"; };
		06CEB09E233C2B2E00D83F78 /* Info.plist */ = {isa = PBXFileReference; lastKnownFileType = text.plist.xml; path = Info.plist; sourceTree = "<group>"; };
		06CEB0AA233C2BDE00D83F78 /* api.framework */ = {isa = PBXFileReference; lastKnownFileType = wrapper.framework; name = api.framework; path = "../api/build/xcode-frameworks/api.framework"; sourceTree = "<group>"; };
/* End PBXFileReference section */

/* Begin PBXFrameworksBuildPhase section */
		06CEB076233C2B2D00D83F78 /* Frameworks */ = {
			isa = PBXFrameworksBuildPhase;
			buildActionMask = 2147483647;
			files = (
				06CEB0AB233C2BDE00D83F78 /* api.framework in Frameworks */,
			);
			runOnlyForDeploymentPostprocessing = 0;
		};
		06CEB08A233C2B2E00D83F78 /* Frameworks */ = {
			isa = PBXFrameworksBuildPhase;
			buildActionMask = 2147483647;
			files = (
			);
			runOnlyForDeploymentPostprocessing = 0;
		};
		06CEB095233C2B2E00D83F78 /* Frameworks */ = {
			isa = PBXFrameworksBuildPhase;
			buildActionMask = 2147483647;
			files = (
			);
			runOnlyForDeploymentPostprocessing = 0;
		};
/* End PBXFrameworksBuildPhase section */

/* Begin PBXGroup section */
		06CEB070233C2B2D00D83F78 = {
			isa = PBXGroup;
			children = (
				06CEB0AA233C2BDE00D83F78 /* api.framework */,
				06CEB07B233C2B2D00D83F78 /* iosApp */,
				06CEB090233C2B2E00D83F78 /* iosAppTests */,
				06CEB09B233C2B2E00D83F78 /* iosAppUITests */,
				06CEB07A233C2B2D00D83F78 /* Products */,
			);
			sourceTree = "<group>";
		};
		06CEB07A233C2B2D00D83F78 /* Products */ = {
			isa = PBXGroup;
			children = (
				06CEB079233C2B2D00D83F78 /* iosApp.app */,
				06CEB08D233C2B2E00D83F78 /* iosAppTests.xctest */,
				06CEB098233C2B2E00D83F78 /* iosAppUITests.xctest */,
			);
			name = Products;
			sourceTree = "<group>";
		};
		06CEB07B233C2B2D00D83F78 /* iosApp */ = {
			isa = PBXGroup;
			children = (
				06CEB07C233C2B2D00D83F78 /* AppDelegate.swift */,
				06CEB07E233C2B2D00D83F78 /* ViewController.swift */,
				06CEB080233C2B2D00D83F78 /* Main.storyboard */,
				06CEB083233C2B2E00D83F78 /* Assets.xcassets */,
				06CEB085233C2B2E00D83F78 /* LaunchScreen.storyboard */,
				06CEB088233C2B2E00D83F78 /* Info.plist */,
			);
			path = iosApp;
			sourceTree = "<group>";
		};
		06CEB090233C2B2E00D83F78 /* iosAppTests */ = {
			isa = PBXGroup;
			children = (
				06CEB091233C2B2E00D83F78 /* iosAppTests.swift */,
				06CEB093233C2B2E00D83F78 /* Info.plist */,
			);
			path = iosAppTests;
			sourceTree = "<group>";
		};
		06CEB09B233C2B2E00D83F78 /* iosAppUITests */ = {
			isa = PBXGroup;
			children = (
				06CEB09C233C2B2E00D83F78 /* iosAppUITests.swift */,
				06CEB09E233C2B2E00D83F78 /* Info.plist */,
			);
			path = iosAppUITests;
			sourceTree = "<group>";
		};
/* End PBXGroup section */

/* Begin PBXNativeTarget section */
		06CEB078233C2B2D00D83F78 /* iosApp */ = {
			isa = PBXNativeTarget;
			buildConfigurationList = 06CEB0A1233C2B2E00D83F78 /* Build configuration list for PBXNativeTarget "iosApp" */;
			buildPhases = (
				06CEB0AE233C2C3200D83F78 /* Build api module */,
				06CEB075233C2B2D00D83F78 /* Sources */,
				06CEB076233C2B2D00D83F78 /* Frameworks */,
				06CEB077233C2B2D00D83F78 /* Resources */,
				06CEB0AD233C2BDE00D83F78 /* Embed Frameworks */,
			);
			buildRules = (
			);
			dependencies = (
			);
			name = iosApp;
			productName = iosApp;
			productReference = 06CEB079233C2B2D00D83F78 /* iosApp.app */;
			productType = "com.apple.product-type.application";
		};
		06CEB08C233C2B2E00D83F78 /* iosAppTests */ = {
			isa = PBXNativeTarget;
			buildConfigurationList = 06CEB0A4233C2B2E00D83F78 /* Build configuration list for PBXNativeTarget "iosAppTests" */;
			buildPhases = (
				06CEB089233C2B2E00D83F78 /* Sources */,
				06CEB08A233C2B2E00D83F78 /* Frameworks */,
				06CEB08B233C2B2E00D83F78 /* Resources */,
			);
			buildRules = (
			);
			dependencies = (
				06CEB08F233C2B2E00D83F78 /* PBXTargetDependency */,
			);
			name = iosAppTests;
			productName = iosAppTests;
			productReference = 06CEB08D233C2B2E00D83F78 /* iosAppTests.xctest */;
			productType = "com.apple.product-type.bundle.unit-test";
		};
		06CEB097233C2B2E00D83F78 /* iosAppUITests */ = {
			isa = PBXNativeTarget;
			buildConfigurationList = 06CEB0A7233C2B2E00D83F78 /* Build configuration list for PBXNativeTarget "iosAppUITests" */;
			buildPhases = (
				06CEB094233C2B2E00D83F78 /* Sources */,
				06CEB095233C2B2E00D83F78 /* Frameworks */,
				06CEB096233C2B2E00D83F78 /* Resources */,
			);
			buildRules = (
			);
			dependencies = (
				06CEB09A233C2B2E00D83F78 /* PBXTargetDependency */,
			);
			name = iosAppUITests;
			productName = iosAppUITests;
			productReference = 06CEB098233C2B2E00D83F78 /* iosAppUITests.xctest */;
			productType = "com.apple.product-type.bundle.ui-testing";
		};
/* End PBXNativeTarget section */

/* Begin PBXProject section */
		06CEB071233C2B2D00D83F78 /* Project object */ = {
			isa = PBXProject;
			attributes = {
				LastSwiftUpdateCheck = 1020;
				LastUpgradeCheck = 1020;
				ORGANIZATIONNAME = "Paula Guatura";
				TargetAttributes = {
					06CEB078233C2B2D00D83F78 = {
						CreatedOnToolsVersion = 10.2.1;
					};
					06CEB08C233C2B2E00D83F78 = {
						CreatedOnToolsVersion = 10.2.1;
						TestTargetID = 06CEB078233C2B2D00D83F78;
					};
					06CEB097233C2B2E00D83F78 = {
						CreatedOnToolsVersion = 10.2.1;
						TestTargetID = 06CEB078233C2B2D00D83F78;
					};
				};
			};
			buildConfigurationList = 06CEB074233C2B2D00D83F78 /* Build configuration list for PBXProject "iosApp" */;
			compatibilityVersion = "Xcode 9.3";
			developmentRegion = en;
			hasScannedForEncodings = 0;
			knownRegions = (
				en,
				Base,
			);
			mainGroup = 06CEB070233C2B2D00D83F78;
			productRefGroup = 06CEB07A233C2B2D00D83F78 /* Products */;
			projectDirPath = "";
			projectRoot = "";
			targets = (
				06CEB078233C2B2D00D83F78 /* iosApp */,
				06CEB08C233C2B2E00D83F78 /* iosAppTests */,
				06CEB097233C2B2E00D83F78 /* iosAppUITests */,
			);
		};
/* End PBXProject section */

/* Begin PBXResourcesBuildPhase section */
		06CEB077233C2B2D00D83F78 /* Resources */ = {
			isa = PBXResourcesBuildPhase;
			buildActionMask = 2147483647;
			files = (
				06CEB087233C2B2E00D83F78 /* LaunchScreen.storyboard in Resources */,
				06CEB084233C2B2E00D83F78 /* Assets.xcassets in Resources */,
				06CEB082233C2B2D00D83F78 /* Main.storyboard in Resources */,
			);
			runOnlyForDeploymentPostprocessing = 0;
		};
		06CEB08B233C2B2E00D83F78 /* Resources */ = {
			isa = PBXResourcesBuildPhase;
			buildActionMask = 2147483647;
			files = (
			);
			runOnlyForDeploymentPostprocessing = 0;
		};
		06CEB096233C2B2E00D83F78 /* Resources */ = {
			isa = PBXResourcesBuildPhase;
			buildActionMask = 2147483647;
			files = (
			);
			runOnlyForDeploymentPostprocessing = 0;
		};
/* End PBXResourcesBuildPhase section */

/* Begin PBXShellScriptBuildPhase section */
		06CEB0AE233C2C3200D83F78 /* Build api module */ = {
			isa = PBXShellScriptBuildPhase;
			buildActionMask = 2147483647;
			files = (
			);
			inputFileListPaths = (
			);
			inputPaths = (
			);
			name = "Build api module";
			outputFileListPaths = (
			);
			outputPaths = (
			);
			runOnlyForDeploymentPostprocessing = 0;
			shellPath = /bin/sh;
			shellScript = "# Type a script or drag a script file from your workspace to insert its path.\ncd \"$SRCROOT/..\"\n./gradlew packForXCode -PXCODE_CONFIGURATION=${CONFIGURATION}\n";
		};
/* End PBXShellScriptBuildPhase section */

/* Begin PBXSourcesBuildPhase section */
		06CEB075233C2B2D00D83F78 /* Sources */ = {
			isa = PBXSourcesBuildPhase;
			buildActionMask = 2147483647;
			files = (
				06CEB07F233C2B2D00D83F78 /* ViewController.swift in Sources */,
				06CEB07D233C2B2D00D83F78 /* AppDelegate.swift in Sources */,
			);
			runOnlyForDeploymentPostprocessing = 0;
		};
		06CEB089233C2B2E00D83F78 /* Sources */ = {
			isa = PBXSourcesBuildPhase;
			buildActionMask = 2147483647;
			files = (
				06CEB092233C2B2E00D83F78 /* iosAppTests.swift in Sources */,
			);
			runOnlyForDeploymentPostprocessing = 0;
		};
		06CEB094233C2B2E00D83F78 /* Sources */ = {
			isa = PBXSourcesBuildPhase;
			buildActionMask = 2147483647;
			files = (
				06CEB09D233C2B2E00D83F78 /* iosAppUITests.swift in Sources */,
			);
			runOnlyForDeploymentPostprocessing = 0;
		};
/* End PBXSourcesBuildPhase section */

/* Begin PBXTargetDependency section */
		06CEB08F233C2B2E00D83F78 /* PBXTargetDependency */ = {
			isa = PBXTargetDependency;
			target = 06CEB078233C2B2D00D83F78 /* iosApp */;
			targetProxy = 06CEB08E233C2B2E00D83F78 /* PBXContainerItemProxy */;
		};
		06CEB09A233C2B2E00D83F78 /* PBXTargetDependency */ = {
			isa = PBXTargetDependency;
			target = 06CEB078233C2B2D00D83F78 /* iosApp */;
			targetProxy = 06CEB099233C2B2E00D83F78 /* PBXContainerItemProxy */;
		};
/* End PBXTargetDependency section */

/* Begin PBXVariantGroup section */
		06CEB080233C2B2D00D83F78 /* Main.storyboard */ = {
			isa = PBXVariantGroup;
			children = (
				06CEB081233C2B2D00D83F78 /* Base */,
			);
			name = Main.storyboard;
			sourceTree = "<group>";
		};
		06CEB085233C2B2E00D83F78 /* LaunchScreen.storyboard */ = {
			isa = PBXVariantGroup;
			children = (
				06CEB086233C2B2E00D83F78 /* Base */,
			);
			name = LaunchScreen.storyboard;
			sourceTree = "<group>";
		};
/* End PBXVariantGroup section */

/* Begin XCBuildConfiguration section */
		06CEB09F233C2B2E00D83F78 /* Debug */ = {
			isa = XCBuildConfiguration;
			buildSettings = {
				ALWAYS_SEARCH_USER_PATHS = NO;
				CLANG_ANALYZER_NONNULL = YES;
				CLANG_ANALYZER_NUMBER_OBJECT_CONVERSION = YES_AGGRESSIVE;
				CLANG_CXX_LANGUAGE_STANDARD = "gnu++14";
				CLANG_CXX_LIBRARY = "libc++";
				CLANG_ENABLE_MODULES = YES;
				CLANG_ENABLE_OBJC_ARC = YES;
				CLANG_ENABLE_OBJC_WEAK = YES;
				CLANG_WARN_BLOCK_CAPTURE_AUTORELEASING = YES;
				CLANG_WARN_BOOL_CONVERSION = YES;
				CLANG_WARN_COMMA = YES;
				CLANG_WARN_CONSTANT_CONVERSION = YES;
				CLANG_WARN_DEPRECATED_OBJC_IMPLEMENTATIONS = YES;
				CLANG_WARN_DIRECT_OBJC_ISA_USAGE = YES_ERROR;
				CLANG_WARN_DOCUMENTATION_COMMENTS = YES;
				CLANG_WARN_EMPTY_BODY = YES;
				CLANG_WARN_ENUM_CONVERSION = YES;
				CLANG_WARN_INFINITE_RECURSION = YES;
				CLANG_WARN_INT_CONVERSION = YES;
				CLANG_WARN_NON_LITERAL_NULL_CONVERSION = YES;
				CLANG_WARN_OBJC_IMPLICIT_RETAIN_SELF = YES;
				CLANG_WARN_OBJC_LITERAL_CONVERSION = YES;
				CLANG_WARN_OBJC_ROOT_CLASS = YES_ERROR;
				CLANG_WARN_RANGE_LOOP_ANALYSIS = YES;
				CLANG_WARN_STRICT_PROTOTYPES = YES;
				CLANG_WARN_SUSPICIOUS_MOVE = YES;
				CLANG_WARN_UNGUARDED_AVAILABILITY = YES_AGGRESSIVE;
				CLANG_WARN_UNREACHABLE_CODE = YES;
				CLANG_WARN__DUPLICATE_METHOD_MATCH = YES;
				CODE_SIGN_IDENTITY = "iPhone Developer";
				COPY_PHASE_STRIP = NO;
				DEBUG_INFORMATION_FORMAT = dwarf;
				ENABLE_STRICT_OBJC_MSGSEND = YES;
				ENABLE_TESTABILITY = YES;
				GCC_C_LANGUAGE_STANDARD = gnu11;
				GCC_DYNAMIC_NO_PIC = NO;
				GCC_NO_COMMON_BLOCKS = YES;
				GCC_OPTIMIZATION_LEVEL = 0;
				GCC_PREPROCESSOR_DEFINITIONS = (
					"DEBUG=1",
					"$(inherited)",
				);
				GCC_WARN_64_TO_32_BIT_CONVERSION = YES;
				GCC_WARN_ABOUT_RETURN_TYPE = YES_ERROR;
				GCC_WARN_UNDECLARED_SELECTOR = YES;
				GCC_WARN_UNINITIALIZED_AUTOS = YES_AGGRESSIVE;
				GCC_WARN_UNUSED_FUNCTION = YES;
				GCC_WARN_UNUSED_VARIABLE = YES;
				IPHONEOS_DEPLOYMENT_TARGET = 12.2;
				MTL_ENABLE_DEBUG_INFO = INCLUDE_SOURCE;
				MTL_FAST_MATH = YES;
				ONLY_ACTIVE_ARCH = YES;
				SDKROOT = iphoneos;
				SWIFT_ACTIVE_COMPILATION_CONDITIONS = DEBUG;
				SWIFT_OPTIMIZATION_LEVEL = "-Onone";
			};
			name = Debug;
		};
		06CEB0A0233C2B2E00D83F78 /* Release */ = {
			isa = XCBuildConfiguration;
			buildSettings = {
				ALWAYS_SEARCH_USER_PATHS = NO;
				CLANG_ANALYZER_NONNULL = YES;
				CLANG_ANALYZER_NUMBER_OBJECT_CONVERSION = YES_AGGRESSIVE;
				CLANG_CXX_LANGUAGE_STANDARD = "gnu++14";
				CLANG_CXX_LIBRARY = "libc++";
				CLANG_ENABLE_MODULES = YES;
				CLANG_ENABLE_OBJC_ARC = YES;
				CLANG_ENABLE_OBJC_WEAK = YES;
				CLANG_WARN_BLOCK_CAPTURE_AUTORELEASING = YES;
				CLANG_WARN_BOOL_CONVERSION = YES;
				CLANG_WARN_COMMA = YES;
				CLANG_WARN_CONSTANT_CONVERSION = YES;
				CLANG_WARN_DEPRECATED_OBJC_IMPLEMENTATIONS = YES;
				CLANG_WARN_DIRECT_OBJC_ISA_USAGE = YES_ERROR;
				CLANG_WARN_DOCUMENTATION_COMMENTS = YES;
				CLANG_WARN_EMPTY_BODY = YES;
				CLANG_WARN_ENUM_CONVERSION = YES;
				CLANG_WARN_INFINITE_RECURSION = YES;
				CLANG_WARN_INT_CONVERSION = YES;
				CLANG_WARN_NON_LITERAL_NULL_CONVERSION = YES;
				CLANG_WARN_OBJC_IMPLICIT_RETAIN_SELF = YES;
				CLANG_WARN_OBJC_LITERAL_CONVERSION = YES;
				CLANG_WARN_OBJC_ROOT_CLASS = YES_ERROR;
				CLANG_WARN_RANGE_LOOP_ANALYSIS = YES;
				CLANG_WARN_STRICT_PROTOTYPES = YES;
				CLANG_WARN_SUSPICIOUS_MOVE = YES;
				CLANG_WARN_UNGUARDED_AVAILABILITY = YES_AGGRESSIVE;
				CLANG_WARN_UNREACHABLE_CODE = YES;
				CLANG_WARN__DUPLICATE_METHOD_MATCH = YES;
				CODE_SIGN_IDENTITY = "iPhone Developer";
				COPY_PHASE_STRIP = NO;
				DEBUG_INFORMATION_FORMAT = "dwarf-with-dsym";
				ENABLE_NS_ASSERTIONS = NO;
				ENABLE_STRICT_OBJC_MSGSEND = YES;
				GCC_C_LANGUAGE_STANDARD = gnu11;
				GCC_NO_COMMON_BLOCKS = YES;
				GCC_WARN_64_TO_32_BIT_CONVERSION = YES;
				GCC_WARN_ABOUT_RETURN_TYPE = YES_ERROR;
				GCC_WARN_UNDECLARED_SELECTOR = YES;
				GCC_WARN_UNINITIALIZED_AUTOS = YES_AGGRESSIVE;
				GCC_WARN_UNUSED_FUNCTION = YES;
				GCC_WARN_UNUSED_VARIABLE = YES;
				IPHONEOS_DEPLOYMENT_TARGET = 12.2;
				MTL_ENABLE_DEBUG_INFO = NO;
				MTL_FAST_MATH = YES;
				SDKROOT = iphoneos;
				SWIFT_COMPILATION_MODE = wholemodule;
				SWIFT_OPTIMIZATION_LEVEL = "-O";
				VALIDATE_PRODUCT = YES;
			};
			name = Release;
		};
		06CEB0A2233C2B2E00D83F78 /* Debug */ = {
			isa = XCBuildConfiguration;
			buildSettings = {
				ASSETCATALOG_COMPILER_APPICON_NAME = AppIcon;
				CODE_SIGN_STYLE = Automatic;
				DEVELOPMENT_TEAM = G996G29R7D;
				FRAMEWORK_SEARCH_PATHS = "$(SRCROOT)/../api/build/xcode-frameworks";
				INFOPLIST_FILE = iosApp/Info.plist;
				LD_RUNPATH_SEARCH_PATHS = (
					"$(inherited)",
					"@executable_path/Frameworks",
				);
				PRODUCT_BUNDLE_IDENTIFIER = com.pguatura.kpoc.iosApp;
				PRODUCT_NAME = "$(TARGET_NAME)";
				SWIFT_VERSION = 5.0;
				TARGETED_DEVICE_FAMILY = "1,2";
			};
			name = Debug;
		};
		06CEB0A3233C2B2E00D83F78 /* Release */ = {
			isa = XCBuildConfiguration;
			buildSettings = {
				ASSETCATALOG_COMPILER_APPICON_NAME = AppIcon;
				CODE_SIGN_STYLE = Automatic;
				DEVELOPMENT_TEAM = G996G29R7D;
				FRAMEWORK_SEARCH_PATHS = "$(SRCROOT)/../api/build/xcode-frameworks";
				INFOPLIST_FILE = iosApp/Info.plist;
				LD_RUNPATH_SEARCH_PATHS = (
					"$(inherited)",
					"@executable_path/Frameworks",
				);
				PRODUCT_BUNDLE_IDENTIFIER = com.pguatura.kpoc.iosApp;
				PRODUCT_NAME = "$(TARGET_NAME)";
				SWIFT_VERSION = 5.0;
				TARGETED_DEVICE_FAMILY = "1,2";
			};
			name = Release;
		};
		06CEB0A5233C2B2E00D83F78 /* Debug */ = {
			isa = XCBuildConfiguration;
			buildSettings = {
				ALWAYS_EMBED_SWIFT_STANDARD_LIBRARIES = YES;
				BUNDLE_LOADER = "$(TEST_HOST)";
				CODE_SIGN_STYLE = Automatic;
				DEVELOPMENT_TEAM = G996G29R7D;
				INFOPLIST_FILE = iosAppTests/Info.plist;
				LD_RUNPATH_SEARCH_PATHS = (
					"$(inherited)",
					"@executable_path/Frameworks",
					"@loader_path/Frameworks",
				);
				PRODUCT_BUNDLE_IDENTIFIER = com.pguatura.kpoc.iosAppTests;
				PRODUCT_NAME = "$(TARGET_NAME)";
				SWIFT_VERSION = 5.0;
				TARGETED_DEVICE_FAMILY = "1,2";
				TEST_HOST = "$(BUILT_PRODUCTS_DIR)/iosApp.app/iosApp";
			};
			name = Debug;
		};
		06CEB0A6233C2B2E00D83F78 /* Release */ = {
			isa = XCBuildConfiguration;
			buildSettings = {
				ALWAYS_EMBED_SWIFT_STANDARD_LIBRARIES = YES;
				BUNDLE_LOADER = "$(TEST_HOST)";
				CODE_SIGN_STYLE = Automatic;
				DEVELOPMENT_TEAM = G996G29R7D;
				INFOPLIST_FILE = iosAppTests/Info.plist;
				LD_RUNPATH_SEARCH_PATHS = (
					"$(inherited)",
					"@executable_path/Frameworks",
					"@loader_path/Frameworks",
				);
				PRODUCT_BUNDLE_IDENTIFIER = com.pguatura.kpoc.iosAppTests;
				PRODUCT_NAME = "$(TARGET_NAME)";
				SWIFT_VERSION = 5.0;
				TARGETED_DEVICE_FAMILY = "1,2";
				TEST_HOST = "$(BUILT_PRODUCTS_DIR)/iosApp.app/iosApp";
			};
			name = Release;
		};
		06CEB0A8233C2B2E00D83F78 /* Debug */ = {
			isa = XCBuildConfiguration;
			buildSettings = {
				ALWAYS_EMBED_SWIFT_STANDARD_LIBRARIES = YES;
				CODE_SIGN_STYLE = Automatic;
				DEVELOPMENT_TEAM = G996G29R7D;
				INFOPLIST_FILE = iosAppUITests/Info.plist;
				LD_RUNPATH_SEARCH_PATHS = (
					"$(inherited)",
					"@executable_path/Frameworks",
					"@loader_path/Frameworks",
				);
				PRODUCT_BUNDLE_IDENTIFIER = com.pguatura.kpoc.iosAppUITests;
				PRODUCT_NAME = "$(TARGET_NAME)";
				SWIFT_VERSION = 5.0;
				TARGETED_DEVICE_FAMILY = "1,2";
				TEST_TARGET_NAME = iosApp;
			};
			name = Debug;
		};
		06CEB0A9233C2B2E00D83F78 /* Release */ = {
			isa = XCBuildConfiguration;
			buildSettings = {
				ALWAYS_EMBED_SWIFT_STANDARD_LIBRARIES = YES;
				CODE_SIGN_STYLE = Automatic;
				DEVELOPMENT_TEAM = G996G29R7D;
				INFOPLIST_FILE = iosAppUITests/Info.plist;
				LD_RUNPATH_SEARCH_PATHS = (
					"$(inherited)",
					"@executable_path/Frameworks",
					"@loader_path/Frameworks",
				);
				PRODUCT_BUNDLE_IDENTIFIER = com.pguatura.kpoc.iosAppUITests;
				PRODUCT_NAME = "$(TARGET_NAME)";
				SWIFT_VERSION = 5.0;
				TARGETED_DEVICE_FAMILY = "1,2";
				TEST_TARGET_NAME = iosApp;
			};
			name = Release;
		};
/* End XCBuildConfiguration section */

/* Begin XCConfigurationList section */
		06CEB074233C2B2D00D83F78 /* Build configuration list for PBXProject "iosApp" */ = {
			isa = XCConfigurationList;
			buildConfigurations = (
				06CEB09F233C2B2E00D83F78 /* Debug */,
				06CEB0A0233C2B2E00D83F78 /* Release */,
			);
			defaultConfigurationIsVisible = 0;
			defaultConfigurationName = Release;
		};
		06CEB0A1233C2B2E00D83F78 /* Build configuration list for PBXNativeTarget "iosApp" */ = {
			isa = XCConfigurationList;
			buildConfigurations = (
				06CEB0A2233C2B2E00D83F78 /* Debug */,
				06CEB0A3233C2B2E00D83F78 /* Release */,
			);
			defaultConfigurationIsVisible = 0;
			defaultConfigurationName = Release;
		};
		06CEB0A4233C2B2E00D83F78 /* Build configuration list for PBXNativeTarget "iosAppTests" */ = {
			isa = XCConfigurationList;
			buildConfigurations = (
				06CEB0A5233C2B2E00D83F78 /* Debug */,
				06CEB0A6233C2B2E00D83F78 /* Release */,
			);
			defaultConfigurationIsVisible = 0;
			defaultConfigurationName = Release;
		};
		06CEB0A7233C2B2E00D83F78 /* Build configuration list for PBXNativeTarget "iosAppUITests" */ = {
			isa = XCConfigurationList;
			buildConfigurations = (
				06CEB0A8233C2B2E00D83F78 /* Debug */,
				06CEB0A9233C2B2E00D83F78 /* Release */,
			);
			defaultConfigurationIsVisible = 0;
			defaultConfigurationName = Release;
		};
/* End XCConfigurationList section */
	};
	rootObject = 06CEB071233C2B2D00D83F78 /* Project object */;
}
